
Microsoft Visual Studio Solution File, Format Version 12.00
# Visual Studio Version 16
VisualStudioVersion = 16.0.31729.503
MinimumVisualStudioVersion = 10.0.40219.1
Project("{FAE04EC0-301F-11D3-BF4B-00C04F79EFBC}") = "RSA_Elgamal", "RSA_Elgamal\RSA_Elgamal.csproj", "{18B5B008-FB7D-4945-82F7-71A921986F9C}"
EndProject
Global
	GlobalSection(SolutionConfigurationPlatforms) = preSolution
		Debug|Any CPU = Debug|Any CPU
		Debug|x64 = Debug|x64
		Release|Any CPU = Release|Any CPU
		Release|x64 = Release|x64
	EndGlobalSection
	GlobalSection(ProjectConfigurationPlatforms) = postSolution
		{18B5B008-FB7D-4945-82F7-71A921986F9C}.Debug|Any CPU.ActiveCfg = Debug|Any CPU
		{18B5B008-FB7D-4945-82F7-71A921986F9C}.Debug|Any CPU.Build.0 = Debug|Any CPU
		{18B5B008-FB7D-4945-82F7-71A921986F9C}.Debug|x64.ActiveCfg = Debug|x64
		{18B5B008-FB7D-4945-82F7-71A921986F9C}.Debug|x64.Build.0 = Debug|x64
		{18B5B008-FB7D-4945-82F7-71A921986F9C}.Release|Any CPU.ActiveCfg = Release|Any CPU
		{18B5B008-FB7D-4945-82F7-71A921986F9C}.Release|Any CPU.Build.0 = Release|Any CPU
		{18B5B008-FB7D-4945-82F7-71A921986F9C}.Release|x64.ActiveCfg = Release|x64
		{18B5B008-FB7D-4945-82F7-71A921986F9C}.Release|x64.Build.0 = Release|x64
	EndGlobalSection
	GlobalSection(SolutionProperties) = preSolution
		HideSolutionNode = FALSE
	EndGlobalSection
	GlobalSection(ExtensibilityGlobals) = postSolution
		SolutionGuid = {B6EDA8E1-6936-4F59-9897-C676DEF3AB03}
	EndGlobalSection
EndGlobal
